// !$*UTF8*$!
{
	archiveVersion = 1;
	classes = {
	};
	objectVersion = 46;
	objects = {

/* Begin PBXBuildFile section */
		BA54EBEB1F14AACE003C7C15 /* addItemViewController.swift in Sources */ = {isa = PBXBuildFile; fileRef = BA54EBEA1F14AACE003C7C15 /* addItemViewController.swift */; };
		BAB6D4DB1F0CC13400920820 /* AppDelegate.swift in Sources */ = {isa = PBXBuildFile; fileRef = BAB6D4DA1F0CC13400920820 /* AppDelegate.swift */; };
		BAB6D4DD1F0CC13400920820 /* ViewController.swift in Sources */ = {isa = PBXBuildFile; fileRef = BAB6D4DC1F0CC13400920820 /* ViewController.swift */; };
		BAB6D4E01F0CC13400920820 /* Main.storyboard in Resources */ = {isa = PBXBuildFile; fileRef = BAB6D4DE1F0CC13400920820 /* Main.storyboard */; };
		BAB6D4E31F0CC13400920820 /* MarketApp.xcdatamodeld in Sources */ = {isa = PBXBuildFile; fileRef = BAB6D4E11F0CC13400920820 /* MarketApp.xcdatamodeld */; };
		BAB6D4E51F0CC13400920820 /* Assets.xcassets in Resources */ = {isa = PBXBuildFile; fileRef = BAB6D4E41F0CC13400920820 /* Assets.xcassets */; };
		BAB6D4E81F0CC13400920820 /* LaunchScreen.storyboard in Resources */ = {isa = PBXBuildFile; fileRef = BAB6D4E61F0CC13400920820 /* LaunchScreen.storyboard */; };
/* End PBXBuildFile section */

/* Begin PBXFileReference section */
		BA54EBEA1F14AACE003C7C15 /* addItemViewController.swift */ = {isa = PBXFileReference; fileEncoding = 4; lastKnownFileType = sourcecode.swift; path = addItemViewController.swift; sourceTree = "<group>"; };
		BAB6D4D71F0CC13400920820 /* MarketApp.app */ = {isa = PBXFileReference; explicitFileType = wrapper.application; includeInIndex = 0; path = MarketApp.app; sourceTree = BUILT_PRODUCTS_DIR; };
		BAB6D4DA1F0CC13400920820 /* AppDelegate.swift */ = {isa = PBXFileReference; lastKnownFileType = sourcecode.swift; path = AppDelegate.swift; sourceTree = "<group>"; };
		BAB6D4DC1F0CC13400920820 /* ViewController.swift */ = {isa = PBXFileReference; lastKnownFileType = sourcecode.swift; path = ViewController.swift; sourceTree = "<group>"; };
		BAB6D4DF1F0CC13400920820 /* Base */ = {isa = PBXFileReference; lastKnownFileType = file.storyboard; name = Base; path = Base.lproj/Main.storyboard; sourceTree = "<group>"; };
		BAB6D4E21F0CC13400920820 /* MarketApp.xcdatamodel */ = {isa = PBXFileReference; lastKnownFileType = wrapper.xcdatamodel; path = MarketApp.xcdatamodel; sourceTree = "<group>"; };
		BAB6D4E41F0CC13400920820 /* Assets.xcassets */ = {isa = PBXFileReference; lastKnownFileType = folder.assetcatalog; path = Assets.xcassets; sourceTree = "<group>"; };
		BAB6D4E71F0CC13400920820 /* Base */ = {isa = PBXFileReference; lastKnownFileType = file.storyboard; name = Base; path = Base.lproj/LaunchScreen.storyboard; sourceTree = "<group>"; };
		BAB6D4E91F0CC13400920820 /* Info.plist */ = {isa = PBXFileReference; lastKnownFileType = text.plist.xml; path = Info.plist; sourceTree = "<group>"; };
/* End PBXFileReference section */

/* Begin PBXFrameworksBuildPhase section */
		BAB6D4D41F0CC13400920820 /* Frameworks */ = {
			isa = PBXFrameworksBuildPhase;
			buildActionMask = 2147483647;
			files = (
			);
			runOnlyForDeploymentPostprocessing = 0;
		};
/* End PBXFrameworksBuildPhase section */

/* Begin PBXGroup section */
		BAB6D4CE1F0CC13400920820 = {
			isa = PBXGroup;
			children = (
				BAB6D4D91F0CC13400920820 /* MarketApp */,
				BAB6D4D81F0CC13400920820 /* Products */,
			);
			sourceTree = "<group>";
		};
		BAB6D4D81F0CC13400920820 /* Products */ = {
			isa = PBXGroup;
			children = (
				BAB6D4D71F0CC13400920820 /* MarketApp.app */,
			);
			name = Products;
			sourceTree = "<group>";
		};
		BAB6D4D91F0CC13400920820 /* MarketApp */ = {
			isa = PBXGroup;
			children = (
				BAB6D4DA1F0CC13400920820 /* AppDelegate.swift */,
				BAB6D4DC1F0CC13400920820 /* ViewController.swift */,
				BAB6D4DE1F0CC13400920820 /* Main.storyboard */,
				BA54EBEA1F14AACE003C7C15 /* addItemViewController.swift */,
				BAB6D4E41F0CC13400920820 /* Assets.xcassets */,
				BAB6D4E61F0CC13400920820 /* LaunchScreen.storyboard */,
				BAB6D4E91F0CC13400920820 /* Info.plist */,
				BAB6D4E11F0CC13400920820 /* MarketApp.xcdatamodeld */,
			);
			path = MarketApp;
			sourceTree = "<group>";
		};
/* End PBXGroup section */

/* Begin PBXNativeTarget section */
		BAB6D4D61F0CC13400920820 /* MarketApp */ = {
			isa = PBXNativeTarget;
			buildConfigurationList = BAB6D4EC1F0CC13400920820 /* Build configuration list for PBXNativeTarget "MarketApp" */;
			buildPhases = (
				BAB6D4D31F0CC13400920820 /* Sources */,
				BAB6D4D41F0CC13400920820 /* Frameworks */,
				BAB6D4D51F0CC13400920820 /* Resources */,
			);
			buildRules = (
			);
			dependencies = (
			);
			name = MarketApp;
			productName = MarketApp;
			productReference = BAB6D4D71F0CC13400920820 /* MarketApp.app */;
			productType = "com.apple.product-type.application";
		};
/* End PBXNativeTarget section */

/* Begin PBXProject section */
		BAB6D4CF1F0CC13400920820 /* Project object */ = {
			isa = PBXProject;
			attributes = {
				LastSwiftUpdateCheck = 0830;
				LastUpgradeCheck = 0830;
				ORGANIZATIONNAME = Flyhightech.LLC;
				TargetAttributes = {
					BAB6D4D61F0CC13400920820 = {
						CreatedOnToolsVersion = 8.3.3;
						DevelopmentTeam = 44XL6DX4WB;
						ProvisioningStyle = Automatic;
					};
				};
			};
			buildConfigurationList = BAB6D4D21F0CC13400920820 /* Build configuration list for PBXProject "MarketApp" */;
			compatibilityVersion = "Xcode 3.2";
			developmentRegion = English;
			hasScannedForEncodings = 0;
			knownRegions = (
				en,
				Base,
			);
			mainGroup = BAB6D4CE1F0CC13400920820;
			productRefGroup = BAB6D4D81F0CC13400920820 /* Products */;
			projectDirPath = "";
			projectRoot = "";
			targets = (
				BAB6D4D61F0CC13400920820 /* MarketApp */,
			);
		};
/* End PBXProject section */

/* Begin PBXResourcesBuildPhase section */
		BAB6D4D51F0CC13400920820 /* Resources */ = {
			isa = PBXResourcesBuildPhase;
			buildActionMask = 2147483647;
			files = (
				BAB6D4E81F0CC13400920820 /* LaunchScreen.storyboard in Resources */,
				BAB6D4E51F0CC13400920820 /* Assets.xcassets in Resources */,
				BAB6D4E01F0CC13400920820 /* Main.storyboard in Resources */,
			);
			runOnlyForDeploymentPostprocessing = 0;
		};
/* End PBXResourcesBuildPhase section */

/* Begin PBXSourcesBuildPhase section */
		BAB6D4D31F0CC13400920820 /* Sources */ = {
			isa = PBXSourcesBuildPhase;
			buildActionMask = 2147483647;
			files = (
				BAB6D4DD1F0CC13400920820 /* ViewController.swift in Sources */,
				BA54EBEB1F14AACE003C7C15 /* addItemViewController.swift in Sources */,
				BAB6D4DB1F0CC13400920820 /* AppDelegate.swift in Sources */,
				BAB6D4E31F0CC13400920820 /* MarketApp.xcdatamodeld in Sources */,
			);
			runOnlyForDeploymentPostprocessing = 0;
		};
/* End PBXSourcesBuildPhase section */

/* Begin PBXVariantGroup section */
		BAB6D4DE1F0CC13400920820 /* Main.storyboard */ = {
			isa = PBXVariantGroup;
			children = (
				BAB6D4DF1F0CC13400920820 /* Base */,
			);
			name = Main.storyboard;
			sourceTree = "<group>";
		};
		BAB6D4E61F0CC13400920820 /* LaunchScreen.storyboard */ = {
			isa = PBXVariantGroup;
			children = (
				BAB6D4E71F0CC13400920820 /* Base */,
			);
			name = LaunchScreen.storyboard;
			sourceTree = "<group>";
		};
/* End PBXVariantGroup section */

/* Begin XCBuildConfiguration section */
		BAB6D4EA1F0CC13400920820 /* Debug */ = {
			isa = XCBuildConfiguration;
			buildSettings = {
				ALWAYS_SEARCH_USER_PATHS = NO;
				CLANG_ANALYZER_NONNULL = YES;
				CLANG_ANALYZER_NUMBER_OBJECT_CONVERSION = YES_AGGRESSIVE;
				CLANG_CXX_LANGUAGE_STANDARD = "gnu++0x";
				CLANG_CXX_LIBRARY = "libc++";
				CLANG_ENABLE_MODULES = YES;
				CLANG_ENABLE_OBJC_ARC = YES;
				CLANG_WARN_BOOL_CONVERSION = YES;
				CLANG_WARN_CONSTANT_CONVERSION = YES;
				CLANG_WARN_DIRECT_OBJC_ISA_USAGE = YES_ERROR;
				CLANG_WARN_DOCUMENTATION_COMMENTS = YES;
				CLANG_WARN_EMPTY_BODY = YES;
				CLANG_WARN_ENUM_CONVERSION = YES;
				CLANG_WARN_INFINITE_RECURSION = YES;
				CLANG_WARN_INT_CONVERSION = YES;
				CLANG_WARN_OBJC_ROOT_CLASS = YES_ERROR;
				CLANG_WARN_SUSPICIOUS_MOVE = YES;
				CLANG_WARN_UNREACHABLE_CODE = YES;
				CLANG_WARN__DUPLICATE_METHOD_MATCH = YES;
				"CODE_SIGN_IDENTITY[sdk=iphoneos*]" = "iPhone Developer";
				COPY_PHASE_STRIP = NO;
				DEBUG_INFORMATION_FORMAT = dwarf;
				ENABLE_STRICT_OBJC_MSGSEND = YES;
				ENABLE_TESTABILITY = YES;
				GCC_C_LANGUAGE_STANDARD = gnu99;
				GCC_DYNAMIC_NO_PIC = NO;
				GCC_NO_COMMON_BLOCKS = YES;
				GCC_OPTIMIZATION_LEVEL = 0;
				GCC_PREPROCESSOR_DEFINITIONS = (
					"DEBUG=1",
					"$(inherited)",
				);
				GCC_WARN_64_TO_32_BIT_CONVERSION = YES;
				GCC_WARN_ABOUT_RETURN_TYPE = YES_ERROR;
				GCC_WARN_UNDECLARED_SELECTOR = YES;
				GCC_WARN_UNINITIALIZED_AUTOS = YES_AGGRESSIVE;
				GCC_WARN_UNUSED_FUNCTION = YES;
				GCC_WARN_UNUSED_VARIABLE = YES;
				IPHONEOS_DEPLOYMENT_TARGET = 10.3;
				MTL_ENABLE_DEBUG_INFO = YES;
				ONLY_ACTIVE_ARCH = YES;
				SDKROOT = iphoneos;
				SWIFT_ACTIVE_COMPILATION_CONDITIONS = DEBUG;
				SWIFT_OPTIMIZATION_LEVEL = "-Onone";
			};
			name = Debug;
		};
		BAB6D4EB1F0CC13400920820 /* Release */ = {
			isa = XCBuildConfiguration;
			buildSettings = {
				ALWAYS_SEARCH_USER_PATHS = NO;
				CLANG_ANALYZER_NONNULL = YES;
				CLANG_ANALYZER_NUMBER_OBJECT_CONVERSION = YES_AGGRESSIVE;
				CLANG_CXX_LANGUAGE_STANDARD = "gnu++0x";
				CLANG_CXX_LIBRARY = "libc++";
				CLANG_ENABLE_MODULES = YES;
				CLANG_ENABLE_OBJC_ARC = YES;
				CLANG_WARN_BOOL_CONVERSION = YES;
				CLANG_WARN_CONSTANT_CONVERSION = YES;
				CLANG_WARN_DIRECT_OBJC_ISA_USAGE = YES_ERROR;
				CLANG_WARN_DOCUMENTATION_COMMENTS = YES;
				CLANG_WARN_EMPTY_BODY = YES;
				CLANG_WARN_ENUM_CONVERSION = YES;
				CLANG_WARN_INFINITE_RECURSION = YES;
				CLANG_WARN_INT_CONVERSION = YES;
				CLANG_WARN_OBJC_ROOT_CLASS = YES_ERROR;
				CLANG_WARN_SUSPICIOUS_MOVE = YES;
				CLANG_WARN_UNREACHABLE_CODE = YES;
				CLANG_WARN__DUPLICATE_METHOD_MATCH = YES;
				"CODE_SIGN_IDENTITY[sdk=iphoneos*]" = "iPhone Developer";
				COPY_PHASE_STRIP = NO;
				DEBUG_INFORMATION_FORMAT = "dwarf-with-dsym";
				ENABLE_NS_ASSERTIONS = NO;
				ENABLE_STRICT_OBJC_MSGSEND = YES;
				GCC_C_LANGUAGE_STANDARD = gnu99;
				GCC_NO_COMMON_BLOCKS = YES;
				GCC_WARN_64_TO_32_BIT_CONVERSION = YES;
				GCC_WARN_ABOUT_RETURN_TYPE = YES_ERROR;
				GCC_WARN_UNDECLARED_SELECTOR = YES;
				GCC_WARN_UNINITIALIZED_AUTOS = YES_AGGRESSIVE;
				GCC_WARN_UNUSED_FUNCTION = YES;
				GCC_WARN_UNUSED_VARIABLE = YES;
				IPHONEOS_DEPLOYMENT_TARGET = 10.3;
				MTL_ENABLE_DEBUG_INFO = NO;
				SDKROOT = iphoneos;
				SWIFT_OPTIMIZATION_LEVEL = "-Owholemodule";
				VALIDATE_PRODUCT = YES;
			};
			name = Release;
		};
		BAB6D4ED1F0CC13400920820 /* Debug */ = {
			isa = XCBuildConfiguration;
			buildSettings = {
				ASSETCATALOG_COMPILER_APPICON_NAME = AppIcon;
				DEVELOPMENT_TEAM = 44XL6DX4WB;
				INFOPLIST_FILE = MarketApp/Info.plist;
				LD_RUNPATH_SEARCH_PATHS = "$(inherited) @executable_path/Frameworks";
				PRODUCT_BUNDLE_IDENTIFIER = net.flyhightech.MarketApp;
				PRODUCT_NAME = "$(TARGET_NAME)";
				SWIFT_VERSION = 3.0;
			};
			name = Debug;
		};
		BAB6D4EE1F0CC13400920820 /* Release */ = {
			isa = XCBuildConfiguration;
			buildSettings = {
				ASSETCATALOG_COMPILER_APPICON_NAME = AppIcon;
				DEVELOPMENT_TEAM = 44XL6DX4WB;
				INFOPLIST_FILE = MarketApp/Info.plist;
				LD_RUNPATH_SEARCH_PATHS = "$(inherited) @executable_path/Frameworks";
				PRODUCT_BUNDLE_IDENTIFIER = net.flyhightech.MarketApp;
				PRODUCT_NAME = "$(TARGET_NAME)";
				SWIFT_VERSION = 3.0;
			};
			name = Release;
		};
/* End XCBuildConfiguration section */

/* Begin XCConfigurationList section */
		BAB6D4D21F0CC13400920820 /* Build configuration list for PBXProject "MarketApp" */ = {
			isa = XCConfigurationList;
			buildConfigurations = (
				BAB6D4EA1F0CC13400920820 /* Debug */,
				BAB6D4EB1F0CC13400920820 /* Release */,
			);
			defaultConfigurationIsVisible = 0;
			defaultConfigurationName = Release;
		};
		BAB6D4EC1F0CC13400920820 /* Build configuration list for PBXNativeTarget "MarketApp" */ = {
			isa = XCConfigurationList;
			buildConfigurations = (
				BAB6D4ED1F0CC13400920820 /* Debug */,
				BAB6D4EE1F0CC13400920820 /* Release */,
			);
			defaultConfigurationIsVisible = 0;
			defaultConfigurationName = Release;
		};
/* End XCConfigurationList section */

/* Begin XCVersionGroup section */
		BAB6D4E11F0CC13400920820 /* MarketApp.xcdatamodeld */ = {
			isa = XCVersionGroup;
			children = (
				BAB6D4E21F0CC13400920820 /* MarketApp.xcdatamodel */,
			);
			currentVersion = BAB6D4E21F0CC13400920820 /* MarketApp.xcdatamodel */;
			path = MarketApp.xcdatamodeld;
			sourceTree = "<group>";
			versionGroupType = wrapper.xcdatamodel;
		};
/* End XCVersionGroup section */
	};
	rootObject = BAB6D4CF1F0CC13400920820 /* Project object */;
}
