// !$*UTF8*$!
{
	archiveVersion = 1;
	classes = {
	};
	objectVersion = 46;
	objects = {

/* Begin PBXBuildFile section */
		BA9BAB7D1F16153F00C318E7 /* AppDelegate.swift in Sources */ = {isa = PBXBuildFile; fileRef = BA9BAB7C1F16153F00C318E7 /* AppDelegate.swift */; };
		BA9BAB7F1F16153F00C318E7 /* GameViewController.swift in Sources */ = {isa = PBXBuildFile; fileRef = BA9BAB7E1F16153F00C318E7 /* GameViewController.swift */; };
		BA9BAB821F16154000C318E7 /* Main.storyboard in Resources */ = {isa = PBXBuildFile; fileRef = BA9BAB801F16154000C318E7 /* Main.storyboard */; };
		BA9BAB851F16154000C318E7 /* LaunchScreen.storyboard in Resources */ = {isa = PBXBuildFile; fileRef = BA9BAB831F16154000C318E7 /* LaunchScreen.storyboard */; };
		BA9BAB8A1F16154000C318E7 /* introToSpritekit.app in Embed Watch Content */ = {isa = PBXBuildFile; fileRef = BA9BAB891F16154000C318E7 /* introToSpritekit.app */; };
		BA9BAB901F16154000C318E7 /* Interface.storyboard in Resources */ = {isa = PBXBuildFile; fileRef = BA9BAB8E1F16154000C318E7 /* Interface.storyboard */; };
		BA9BAB971F16154000C318E7 /* introToSpritekit Extension.appex in Embed App Extensions */ = {isa = PBXBuildFile; fileRef = BA9BAB961F16154000C318E7 /* introToSpritekit Extension.appex */; settings = {ATTRIBUTES = (RemoveHeadersOnCopy, ); }; };
		BA9BAB9C1F16154000C318E7 /* InterfaceController.swift in Sources */ = {isa = PBXBuildFile; fileRef = BA9BAB9B1F16154000C318E7 /* InterfaceController.swift */; };
		BA9BAB9E1F16154000C318E7 /* ExtensionDelegate.swift in Sources */ = {isa = PBXBuildFile; fileRef = BA9BAB9D1F16154000C318E7 /* ExtensionDelegate.swift */; };
		BA9BABA71F16154000C318E7 /* AppDelegate.swift in Sources */ = {isa = PBXBuildFile; fileRef = BA9BABA61F16154000C318E7 /* AppDelegate.swift */; };
		BA9BABA91F16154000C318E7 /* GameViewController.swift in Sources */ = {isa = PBXBuildFile; fileRef = BA9BABA81F16154000C318E7 /* GameViewController.swift */; };
		BA9BABAC1F16154000C318E7 /* Main.storyboard in Resources */ = {isa = PBXBuildFile; fileRef = BA9BABAA1F16154000C318E7 /* Main.storyboard */; };
		BA9BABB51F16154000C318E7 /* AppDelegate.swift in Sources */ = {isa = PBXBuildFile; fileRef = BA9BABB41F16154000C318E7 /* AppDelegate.swift */; };
		BA9BABB71F16154000C318E7 /* GameViewController.swift in Sources */ = {isa = PBXBuildFile; fileRef = BA9BABB61F16154000C318E7 /* GameViewController.swift */; };
		BA9BABBA1F16154000C318E7 /* Main.storyboard in Resources */ = {isa = PBXBuildFile; fileRef = BA9BABB81F16154000C318E7 /* Main.storyboard */; };
		BA9BABBC1F16154000C318E7 /* Actions.sks in Resources */ = {isa = PBXBuildFile; fileRef = BA9BAB711F16153F00C318E7 /* Actions.sks */; };
		BA9BABBD1F16154000C318E7 /* Actions.sks in Resources */ = {isa = PBXBuildFile; fileRef = BA9BAB711F16153F00C318E7 /* Actions.sks */; };
		BA9BABBE1F16154000C318E7 /* Actions.sks in Resources */ = {isa = PBXBuildFile; fileRef = BA9BAB711F16153F00C318E7 /* Actions.sks */; };
		BA9BABBF1F16154000C318E7 /* GameScene.sks in Resources */ = {isa = PBXBuildFile; fileRef = BA9BAB721F16153F00C318E7 /* GameScene.sks */; };
		BA9BABC01F16154000C318E7 /* GameScene.sks in Resources */ = {isa = PBXBuildFile; fileRef = BA9BAB721F16153F00C318E7 /* GameScene.sks */; };
		BA9BABC11F16154000C318E7 /* GameScene.sks in Resources */ = {isa = PBXBuildFile; fileRef = BA9BAB721F16153F00C318E7 /* GameScene.sks */; };
		BA9BABC21F16154000C318E7 /* GameScene.sks in Resources */ = {isa = PBXBuildFile; fileRef = BA9BAB721F16153F00C318E7 /* GameScene.sks */; };
		BA9BABC31F16154000C318E7 /* GameScene.swift in Sources */ = {isa = PBXBuildFile; fileRef = BA9BAB731F16153F00C318E7 /* GameScene.swift */; };
		BA9BABC41F16154000C318E7 /* GameScene.swift in Sources */ = {isa = PBXBuildFile; fileRef = BA9BAB731F16153F00C318E7 /* GameScene.swift */; };
		BA9BABC51F16154000C318E7 /* GameScene.swift in Sources */ = {isa = PBXBuildFile; fileRef = BA9BAB731F16153F00C318E7 /* GameScene.swift */; };
		BA9BABC61F16154000C318E7 /* GameScene.swift in Sources */ = {isa = PBXBuildFile; fileRef = BA9BAB731F16153F00C318E7 /* GameScene.swift */; };
		BA9BABC71F16154000C318E7 /* Assets.xcassets in Resources */ = {isa = PBXBuildFile; fileRef = BA9BAB741F16153F00C318E7 /* Assets.xcassets */; };
		BA9BABC81F16154000C318E7 /* Assets.xcassets in Resources */ = {isa = PBXBuildFile; fileRef = BA9BAB741F16153F00C318E7 /* Assets.xcassets */; };
		BA9BABC91F16154000C318E7 /* Assets.xcassets in Resources */ = {isa = PBXBuildFile; fileRef = BA9BAB741F16153F00C318E7 /* Assets.xcassets */; };
		BA9BABCA1F16154000C318E7 /* Assets.xcassets in Resources */ = {isa = PBXBuildFile; fileRef = BA9BAB741F16153F00C318E7 /* Assets.xcassets */; };
/* End PBXBuildFile section */

/* Begin PBXContainerItemProxy section */
		BA9BAB8B1F16154000C318E7 /* PBXContainerItemProxy */ = {
			isa = PBXContainerItemProxy;
			containerPortal = BA9BAB6C1F16153E00C318E7 /* Project object */;
			proxyType = 1;
			remoteGlobalIDString = BA9BAB881F16154000C318E7;
			remoteInfo = "watchOS App";
		};
		BA9BAB981F16154000C318E7 /* PBXContainerItemProxy */ = {
			isa = PBXContainerItemProxy;
			containerPortal = BA9BAB6C1F16153E00C318E7 /* Project object */;
			proxyType = 1;
			remoteGlobalIDString = BA9BAB951F16154000C318E7;
			remoteInfo = "watchOS Extension";
		};
/* End PBXContainerItemProxy section */

/* Begin PBXCopyFilesBuildPhase section */
		BA9BABD01F16154000C318E7 /* Embed App Extensions */ = {
			isa = PBXCopyFilesBuildPhase;
			buildActionMask = 2147483647;
			dstPath = "";
			dstSubfolderSpec = 13;
			files = (
				BA9BAB971F16154000C318E7 /* introToSpritekit Extension.appex in Embed App Extensions */,
			);
			name = "Embed App Extensions";
			runOnlyForDeploymentPostprocessing = 0;
		};
		BA9BABD41F16154000C318E7 /* Embed Watch Content */ = {
			isa = PBXCopyFilesBuildPhase;
			buildActionMask = 2147483647;
			dstPath = "$(CONTENTS_FOLDER_PATH)/Watch";
			dstSubfolderSpec = 16;
			files = (
				BA9BAB8A1F16154000C318E7 /* introToSpritekit.app in Embed Watch Content */,
			);
			name = "Embed Watch Content";
			runOnlyForDeploymentPostprocessing = 0;
		};
/* End PBXCopyFilesBuildPhase section */

/* Begin PBXFileReference section */
		BA9BAB711F16153F00C318E7 /* Actions.sks */ = {isa = PBXFileReference; lastKnownFileType = file.sks; path = Actions.sks; sourceTree = "<group>"; };
		BA9BAB721F16153F00C318E7 /* GameScene.sks */ = {isa = PBXFileReference; lastKnownFileType = file.sks; path = GameScene.sks; sourceTree = "<group>"; };
		BA9BAB731F16153F00C318E7 /* GameScene.swift */ = {isa = PBXFileReference; lastKnownFileType = sourcecode.swift; path = GameScene.swift; sourceTree = "<group>"; };
		BA9BAB741F16153F00C318E7 /* Assets.xcassets */ = {isa = PBXFileReference; lastKnownFileType = folder.assetcatalog; path = Assets.xcassets; sourceTree = "<group>"; };
		BA9BAB791F16153F00C318E7 /* introToSpritekit.app */ = {isa = PBXFileReference; explicitFileType = wrapper.application; includeInIndex = 0; path = introToSpritekit.app; sourceTree = BUILT_PRODUCTS_DIR; };
		BA9BAB7C1F16153F00C318E7 /* AppDelegate.swift */ = {isa = PBXFileReference; lastKnownFileType = sourcecode.swift; path = AppDelegate.swift; sourceTree = "<group>"; };
		BA9BAB7E1F16153F00C318E7 /* GameViewController.swift */ = {isa = PBXFileReference; lastKnownFileType = sourcecode.swift; path = GameViewController.swift; sourceTree = "<group>"; };
		BA9BAB811F16154000C318E7 /* Base */ = {isa = PBXFileReference; lastKnownFileType = file.storyboard; name = Base; path = Base.lproj/Main.storyboard; sourceTree = "<group>"; };
		BA9BAB841F16154000C318E7 /* Base */ = {isa = PBXFileReference; lastKnownFileType = file.storyboard; name = Base; path = Base.lproj/LaunchScreen.storyboard; sourceTree = "<group>"; };
		BA9BAB861F16154000C318E7 /* Info.plist */ = {isa = PBXFileReference; lastKnownFileType = text.plist.xml; path = Info.plist; sourceTree = "<group>"; };
		BA9BAB891F16154000C318E7 /* introToSpritekit.app */ = {isa = PBXFileReference; explicitFileType = wrapper.application; includeInIndex = 0; path = introToSpritekit.app; sourceTree = BUILT_PRODUCTS_DIR; };
		BA9BAB8F1F16154000C318E7 /* Base */ = {isa = PBXFileReference; lastKnownFileType = file.storyboard; name = Base; path = Base.lproj/Interface.storyboard; sourceTree = "<group>"; };
		BA9BAB911F16154000C318E7 /* Info.plist */ = {isa = PBXFileReference; lastKnownFileType = text.plist.xml; path = Info.plist; sourceTree = "<group>"; };
		BA9BAB961F16154000C318E7 /* introToSpritekit Extension.appex */ = {isa = PBXFileReference; explicitFileType = "wrapper.app-extension"; includeInIndex = 0; path = "introToSpritekit Extension.appex"; sourceTree = BUILT_PRODUCTS_DIR; };
		BA9BAB9B1F16154000C318E7 /* InterfaceController.swift */ = {isa = PBXFileReference; lastKnownFileType = sourcecode.swift; path = InterfaceController.swift; sourceTree = "<group>"; };
		BA9BAB9D1F16154000C318E7 /* ExtensionDelegate.swift */ = {isa = PBXFileReference; lastKnownFileType = sourcecode.swift; path = ExtensionDelegate.swift; sourceTree = "<group>"; };
		BA9BAB9F1F16154000C318E7 /* Info.plist */ = {isa = PBXFileReference; lastKnownFileType = text.plist.xml; path = Info.plist; sourceTree = "<group>"; };
		BA9BABA41F16154000C318E7 /* introToSpritekit.app */ = {isa = PBXFileReference; explicitFileType = wrapper.application; includeInIndex = 0; path = introToSpritekit.app; sourceTree = BUILT_PRODUCTS_DIR; };
		BA9BABA61F16154000C318E7 /* AppDelegate.swift */ = {isa = PBXFileReference; lastKnownFileType = sourcecode.swift; path = AppDelegate.swift; sourceTree = "<group>"; };
		BA9BABA81F16154000C318E7 /* GameViewController.swift */ = {isa = PBXFileReference; lastKnownFileType = sourcecode.swift; path = GameViewController.swift; sourceTree = "<group>"; };
		BA9BABAB1F16154000C318E7 /* Base */ = {isa = PBXFileReference; lastKnownFileType = file.storyboard; name = Base; path = Base.lproj/Main.storyboard; sourceTree = "<group>"; };
		BA9BABAD1F16154000C318E7 /* Info.plist */ = {isa = PBXFileReference; lastKnownFileType = text.plist.xml; path = Info.plist; sourceTree = "<group>"; };
		BA9BABB21F16154000C318E7 /* introToSpritekit.app */ = {isa = PBXFileReference; explicitFileType = wrapper.application; includeInIndex = 0; path = introToSpritekit.app; sourceTree = BUILT_PRODUCTS_DIR; };
		BA9BABB41F16154000C318E7 /* AppDelegate.swift */ = {isa = PBXFileReference; lastKnownFileType = sourcecode.swift; path = AppDelegate.swift; sourceTree = "<group>"; };
		BA9BABB61F16154000C318E7 /* GameViewController.swift */ = {isa = PBXFileReference; lastKnownFileType = sourcecode.swift; path = GameViewController.swift; sourceTree = "<group>"; };
		BA9BABB91F16154000C318E7 /* Base */ = {isa = PBXFileReference; lastKnownFileType = file.storyboard; name = Base; path = Base.lproj/Main.storyboard; sourceTree = "<group>"; };
		BA9BABBB1F16154000C318E7 /* Info.plist */ = {isa = PBXFileReference; lastKnownFileType = text.plist.xml; path = Info.plist; sourceTree = "<group>"; };
/* End PBXFileReference section */

/* Begin PBXFrameworksBuildPhase section */
		BA9BAB761F16153F00C318E7 /* Frameworks */ = {
			isa = PBXFrameworksBuildPhase;
			buildActionMask = 2147483647;
			files = (
			);
			runOnlyForDeploymentPostprocessing = 0;
		};
		BA9BAB931F16154000C318E7 /* Frameworks */ = {
			isa = PBXFrameworksBuildPhase;
			buildActionMask = 2147483647;
			files = (
			);
			runOnlyForDeploymentPostprocessing = 0;
		};
		BA9BABA11F16154000C318E7 /* Frameworks */ = {
			isa = PBXFrameworksBuildPhase;
			buildActionMask = 2147483647;
			files = (
			);
			runOnlyForDeploymentPostprocessing = 0;
		};
		BA9BABAF1F16154000C318E7 /* Frameworks */ = {
			isa = PBXFrameworksBuildPhase;
			buildActionMask = 2147483647;
			files = (
			);
			runOnlyForDeploymentPostprocessing = 0;
		};
/* End PBXFrameworksBuildPhase section */

/* Begin PBXGroup section */
		BA9BAB6B1F16153E00C318E7 = {
			isa = PBXGroup;
			children = (
				BA9BAB701F16153F00C318E7 /* Shared */,
				BA9BAB7B1F16153F00C318E7 /* iOS */,
				BA9BAB8D1F16154000C318E7 /* watchOS App */,
				BA9BAB9A1F16154000C318E7 /* watchOS Extension */,
				BA9BABA51F16154000C318E7 /* tvOS */,
				BA9BABB31F16154000C318E7 /* macOS */,
				BA9BAB7A1F16153F00C318E7 /* Products */,
			);
			sourceTree = "<group>";
		};
		BA9BAB701F16153F00C318E7 /* Shared */ = {
			isa = PBXGroup;
			children = (
				BA9BAB711F16153F00C318E7 /* Actions.sks */,
				BA9BAB721F16153F00C318E7 /* GameScene.sks */,
				BA9BAB731F16153F00C318E7 /* GameScene.swift */,
				BA9BAB741F16153F00C318E7 /* Assets.xcassets */,
			);
			path = Shared;
			sourceTree = "<group>";
		};
		BA9BAB7A1F16153F00C318E7 /* Products */ = {
			isa = PBXGroup;
			children = (
				BA9BAB791F16153F00C318E7 /* introToSpritekit.app */,
				BA9BAB891F16154000C318E7 /* introToSpritekit.app */,
				BA9BAB961F16154000C318E7 /* introToSpritekit Extension.appex */,
				BA9BABA41F16154000C318E7 /* introToSpritekit.app */,
				BA9BABB21F16154000C318E7 /* introToSpritekit.app */,
			);
			name = Products;
			sourceTree = "<group>";
		};
		BA9BAB7B1F16153F00C318E7 /* iOS */ = {
			isa = PBXGroup;
			children = (
				BA9BAB7C1F16153F00C318E7 /* AppDelegate.swift */,
				BA9BAB7E1F16153F00C318E7 /* GameViewController.swift */,
				BA9BAB801F16154000C318E7 /* Main.storyboard */,
				BA9BAB831F16154000C318E7 /* LaunchScreen.storyboard */,
				BA9BAB861F16154000C318E7 /* Info.plist */,
			);
			path = iOS;
			sourceTree = "<group>";
		};
		BA9BAB8D1F16154000C318E7 /* watchOS App */ = {
			isa = PBXGroup;
			children = (
				BA9BAB8E1F16154000C318E7 /* Interface.storyboard */,
				BA9BAB911F16154000C318E7 /* Info.plist */,
			);
			path = "watchOS App";
			sourceTree = "<group>";
		};
		BA9BAB9A1F16154000C318E7 /* watchOS Extension */ = {
			isa = PBXGroup;
			children = (
				BA9BAB9B1F16154000C318E7 /* InterfaceController.swift */,
				BA9BAB9D1F16154000C318E7 /* ExtensionDelegate.swift */,
				BA9BAB9F1F16154000C318E7 /* Info.plist */,
			);
			path = "watchOS Extension";
			sourceTree = "<group>";
		};
		BA9BABA51F16154000C318E7 /* tvOS */ = {
			isa = PBXGroup;
			children = (
				BA9BABA61F16154000C318E7 /* AppDelegate.swift */,
				BA9BABA81F16154000C318E7 /* GameViewController.swift */,
				BA9BABAA1F16154000C318E7 /* Main.storyboard */,
				BA9BABAD1F16154000C318E7 /* Info.plist */,
			);
			path = tvOS;
			sourceTree = "<group>";
		};
		BA9BABB31F16154000C318E7 /* macOS */ = {
			isa = PBXGroup;
			children = (
				BA9BABB41F16154000C318E7 /* AppDelegate.swift */,
				BA9BABB61F16154000C318E7 /* GameViewController.swift */,
				BA9BABB81F16154000C318E7 /* Main.storyboard */,
				BA9BABBB1F16154000C318E7 /* Info.plist */,
			);
			path = macOS;
			sourceTree = "<group>";
		};
/* End PBXGroup section */

/* Begin PBXNativeTarget section */
		BA9BAB781F16153F00C318E7 /* iOS */ = {
			isa = PBXNativeTarget;
			buildConfigurationList = BA9BABD51F16154000C318E7 /* Build configuration list for PBXNativeTarget "iOS" */;
			buildPhases = (
				BA9BAB751F16153F00C318E7 /* Sources */,
				BA9BAB761F16153F00C318E7 /* Frameworks */,
				BA9BAB771F16153F00C318E7 /* Resources */,
				BA9BABD41F16154000C318E7 /* Embed Watch Content */,
			);
			buildRules = (
			);
			dependencies = (
				BA9BAB8C1F16154000C318E7 /* PBXTargetDependency */,
			);
			name = iOS;
			productName = iOS;
			productReference = BA9BAB791F16153F00C318E7 /* introToSpritekit.app */;
			productType = "com.apple.product-type.application";
		};
		BA9BAB881F16154000C318E7 /* watchOS App */ = {
			isa = PBXNativeTarget;
			buildConfigurationList = BA9BABD11F16154000C318E7 /* Build configuration list for PBXNativeTarget "watchOS App" */;
			buildPhases = (
				BA9BAB871F16154000C318E7 /* Resources */,
				BA9BABD01F16154000C318E7 /* Embed App Extensions */,
			);
			buildRules = (
			);
			dependencies = (
				BA9BAB991F16154000C318E7 /* PBXTargetDependency */,
			);
			name = "watchOS App";
			productName = "watchOS App";
			productReference = BA9BAB891F16154000C318E7 /* introToSpritekit.app */;
			productType = "com.apple.product-type.application.watchapp2";
		};
		BA9BAB951F16154000C318E7 /* watchOS Extension */ = {
			isa = PBXNativeTarget;
			buildConfigurationList = BA9BABCD1F16154000C318E7 /* Build configuration list for PBXNativeTarget "watchOS Extension" */;
			buildPhases = (
				BA9BAB921F16154000C318E7 /* Sources */,
				BA9BAB931F16154000C318E7 /* Frameworks */,
				BA9BAB941F16154000C318E7 /* Resources */,
			);
			buildRules = (
			);
			dependencies = (
			);
			name = "watchOS Extension";
			productName = "watchOS Extension";
			productReference = BA9BAB961F16154000C318E7 /* introToSpritekit Extension.appex */;
			productType = "com.apple.product-type.watchkit2-extension";
		};
		BA9BABA31F16154000C318E7 /* tvOS */ = {
			isa = PBXNativeTarget;
			buildConfigurationList = BA9BABD81F16154000C318E7 /* Build configuration list for PBXNativeTarget "tvOS" */;
			buildPhases = (
				BA9BABA01F16154000C318E7 /* Sources */,
				BA9BABA11F16154000C318E7 /* Frameworks */,
				BA9BABA21F16154000C318E7 /* Resources */,
			);
			buildRules = (
			);
			dependencies = (
			);
			name = tvOS;
			productName = tvOS;
			productReference = BA9BABA41F16154000C318E7 /* introToSpritekit.app */;
			productType = "com.apple.product-type.application";
		};
		BA9BABB11F16154000C318E7 /* macOS */ = {
			isa = PBXNativeTarget;
			buildConfigurationList = BA9BABDB1F16154000C318E7 /* Build configuration list for PBXNativeTarget "macOS" */;
			buildPhases = (
				BA9BABAE1F16154000C318E7 /* Sources */,
				BA9BABAF1F16154000C318E7 /* Frameworks */,
				BA9BABB01F16154000C318E7 /* Resources */,
			);
			buildRules = (
			);
			dependencies = (
			);
			name = macOS;
			productName = macOS;
			productReference = BA9BABB21F16154000C318E7 /* introToSpritekit.app */;
			productType = "com.apple.product-type.application";
		};
/* End PBXNativeTarget section */

/* Begin PBXProject section */
		BA9BAB6C1F16153E00C318E7 /* Project object */ = {
			isa = PBXProject;
			attributes = {
				LastSwiftUpdateCheck = 0830;
				LastUpgradeCheck = 0830;
				ORGANIZATIONNAME = "Bernard Huff";
				TargetAttributes = {
					BA9BAB781F16153F00C318E7 = {
						CreatedOnToolsVersion = 8.3.3;
						DevelopmentTeam = 44XL6DX4WB;
						ProvisioningStyle = Automatic;
					};
					BA9BAB881F16154000C318E7 = {
						CreatedOnToolsVersion = 8.3.3;
						DevelopmentTeam = 44XL6DX4WB;
						ProvisioningStyle = Automatic;
					};
					BA9BAB951F16154000C318E7 = {
						CreatedOnToolsVersion = 8.3.3;
						DevelopmentTeam = 44XL6DX4WB;
						ProvisioningStyle = Automatic;
					};
					BA9BABA31F16154000C318E7 = {
						CreatedOnToolsVersion = 8.3.3;
						DevelopmentTeam = 44XL6DX4WB;
						ProvisioningStyle = Automatic;
					};
					BA9BABB11F16154000C318E7 = {
						CreatedOnToolsVersion = 8.3.3;
						DevelopmentTeam = 44XL6DX4WB;
						ProvisioningStyle = Automatic;
					};
				};
			};
			buildConfigurationList = BA9BAB6F1F16153E00C318E7 /* Build configuration list for PBXProject "introToSpritekit" */;
			compatibilityVersion = "Xcode 3.2";
			developmentRegion = English;
			hasScannedForEncodings = 0;
			knownRegions = (
				en,
				Base,
			);
			mainGroup = BA9BAB6B1F16153E00C318E7;
			productRefGroup = BA9BAB7A1F16153F00C318E7 /* Products */;
			projectDirPath = "";
			projectRoot = "";
			targets = (
				BA9BAB781F16153F00C318E7 /* iOS */,
				BA9BAB881F16154000C318E7 /* watchOS App */,
				BA9BAB951F16154000C318E7 /* watchOS Extension */,
				BA9BABA31F16154000C318E7 /* tvOS */,
				BA9BABB11F16154000C318E7 /* macOS */,
			);
		};
/* End PBXProject section */

/* Begin PBXResourcesBuildPhase section */
		BA9BAB771F16153F00C318E7 /* Resources */ = {
			isa = PBXResourcesBuildPhase;
			buildActionMask = 2147483647;
			files = (
				BA9BABBF1F16154000C318E7 /* GameScene.sks in Resources */,
				BA9BAB821F16154000C318E7 /* Main.storyboard in Resources */,
				BA9BABBC1F16154000C318E7 /* Actions.sks in Resources */,
				BA9BAB851F16154000C318E7 /* LaunchScreen.storyboard in Resources */,
				BA9BABC71F16154000C318E7 /* Assets.xcassets in Resources */,
			);
			runOnlyForDeploymentPostprocessing = 0;
		};
		BA9BAB871F16154000C318E7 /* Resources */ = {
			isa = PBXResourcesBuildPhase;
			buildActionMask = 2147483647;
			files = (
				BA9BABC81F16154000C318E7 /* Assets.xcassets in Resources */,
				BA9BAB901F16154000C318E7 /* Interface.storyboard in Resources */,
			);
			runOnlyForDeploymentPostprocessing = 0;
		};
		BA9BAB941F16154000C318E7 /* Resources */ = {
			isa = PBXResourcesBuildPhase;
			buildActionMask = 2147483647;
			files = (
				BA9BABC01F16154000C318E7 /* GameScene.sks in Resources */,
			);
			runOnlyForDeploymentPostprocessing = 0;
		};
		BA9BABA21F16154000C318E7 /* Resources */ = {
			isa = PBXResourcesBuildPhase;
			buildActionMask = 2147483647;
			files = (
				BA9BABAC1F16154000C318E7 /* Main.storyboard in Resources */,
				BA9BABC11F16154000C318E7 /* GameScene.sks in Resources */,
				BA9BABC91F16154000C318E7 /* Assets.xcassets in Resources */,
				BA9BABBD1F16154000C318E7 /* Actions.sks in Resources */,
			);
			runOnlyForDeploymentPostprocessing = 0;
		};
		BA9BABB01F16154000C318E7 /* Resources */ = {
			isa = PBXResourcesBuildPhase;
			buildActionMask = 2147483647;
			files = (
				BA9BABBA1F16154000C318E7 /* Main.storyboard in Resources */,
				BA9BABC21F16154000C318E7 /* GameScene.sks in Resources */,
				BA9BABCA1F16154000C318E7 /* Assets.xcassets in Resources */,
				BA9BABBE1F16154000C318E7 /* Actions.sks in Resources */,
			);
			runOnlyForDeploymentPostprocessing = 0;
		};
/* End PBXResourcesBuildPhase section */

/* Begin PBXSourcesBuildPhase section */
		BA9BAB751F16153F00C318E7 /* Sources */ = {
			isa = PBXSourcesBuildPhase;
			buildActionMask = 2147483647;
			files = (
				BA9BABC31F16154000C318E7 /* GameScene.swift in Sources */,
				BA9BAB7F1F16153F00C318E7 /* GameViewController.swift in Sources */,
				BA9BAB7D1F16153F00C318E7 /* AppDelegate.swift in Sources */,
			);
			runOnlyForDeploymentPostprocessing = 0;
		};
		BA9BAB921F16154000C318E7 /* Sources */ = {
			isa = PBXSourcesBuildPhase;
			buildActionMask = 2147483647;
			files = (
				BA9BABC41F16154000C318E7 /* GameScene.swift in Sources */,
				BA9BAB9E1F16154000C318E7 /* ExtensionDelegate.swift in Sources */,
				BA9BAB9C1F16154000C318E7 /* InterfaceController.swift in Sources */,
			);
			runOnlyForDeploymentPostprocessing = 0;
		};
		BA9BABA01F16154000C318E7 /* Sources */ = {
			isa = PBXSourcesBuildPhase;
			buildActionMask = 2147483647;
			files = (
				BA9BABC51F16154000C318E7 /* GameScene.swift in Sources */,
				BA9BABA91F16154000C318E7 /* GameViewController.swift in Sources */,
				BA9BABA71F16154000C318E7 /* AppDelegate.swift in Sources */,
			);
			runOnlyForDeploymentPostprocessing = 0;
		};
		BA9BABAE1F16154000C318E7 /* Sources */ = {
			isa = PBXSourcesBuildPhase;
			buildActionMask = 2147483647;
			files = (
				BA9BABC61F16154000C318E7 /* GameScene.swift in Sources */,
				BA9BABB71F16154000C318E7 /* GameViewController.swift in Sources */,
				BA9BABB51F16154000C318E7 /* AppDelegate.swift in Sources */,
			);
			runOnlyForDeploymentPostprocessing = 0;
		};
/* End PBXSourcesBuildPhase section */

/* Begin PBXTargetDependency section */
		BA9BAB8C1F16154000C318E7 /* PBXTargetDependency */ = {
			isa = PBXTargetDependency;
			target = BA9BAB881F16154000C318E7 /* watchOS App */;
			targetProxy = BA9BAB8B1F16154000C318E7 /* PBXContainerItemProxy */;
		};
		BA9BAB991F16154000C318E7 /* PBXTargetDependency */ = {
			isa = PBXTargetDependency;
			target = BA9BAB951F16154000C318E7 /* watchOS Extension */;
			targetProxy = BA9BAB981F16154000C318E7 /* PBXContainerItemProxy */;
		};
/* End PBXTargetDependency section */

/* Begin PBXVariantGroup section */
		BA9BAB801F16154000C318E7 /* Main.storyboard */ = {
			isa = PBXVariantGroup;
			children = (
				BA9BAB811F16154000C318E7 /* Base */,
			);
			name = Main.storyboard;
			sourceTree = "<group>";
		};
		BA9BAB831F16154000C318E7 /* LaunchScreen.storyboard */ = {
			isa = PBXVariantGroup;
			children = (
				BA9BAB841F16154000C318E7 /* Base */,
			);
			name = LaunchScreen.storyboard;
			sourceTree = "<group>";
		};
		BA9BAB8E1F16154000C318E7 /* Interface.storyboard */ = {
			isa = PBXVariantGroup;
			children = (
				BA9BAB8F1F16154000C318E7 /* Base */,
			);
			name = Interface.storyboard;
			sourceTree = "<group>";
		};
		BA9BABAA1F16154000C318E7 /* Main.storyboard */ = {
			isa = PBXVariantGroup;
			children = (
				BA9BABAB1F16154000C318E7 /* Base */,
			);
			name = Main.storyboard;
			sourceTree = "<group>";
		};
		BA9BABB81F16154000C318E7 /* Main.storyboard */ = {
			isa = PBXVariantGroup;
			children = (
				BA9BABB91F16154000C318E7 /* Base */,
			);
			name = Main.storyboard;
			sourceTree = "<group>";
		};
/* End PBXVariantGroup section */

/* Begin XCBuildConfiguration section */
		BA9BABCB1F16154000C318E7 /* Debug */ = {
			isa = XCBuildConfiguration;
			buildSettings = {
				ALWAYS_SEARCH_USER_PATHS = NO;
				CLANG_ANALYZER_NONNULL = YES;
				CLANG_ANALYZER_NUMBER_OBJECT_CONVERSION = YES_AGGRESSIVE;
				CLANG_CXX_LANGUAGE_STANDARD = "gnu++0x";
				CLANG_CXX_LIBRARY = "libc++";
				CLANG_ENABLE_MODULES = YES;
				CLANG_ENABLE_OBJC_ARC = YES;
				CLANG_WARN_BOOL_CONVERSION = YES;
				CLANG_WARN_CONSTANT_CONVERSION = YES;
				CLANG_WARN_DIRECT_OBJC_ISA_USAGE = YES_ERROR;
				CLANG_WARN_DOCUMENTATION_COMMENTS = YES;
				CLANG_WARN_EMPTY_BODY = YES;
				CLANG_WARN_ENUM_CONVERSION = YES;
				CLANG_WARN_INFINITE_RECURSION = YES;
				CLANG_WARN_INT_CONVERSION = YES;
				CLANG_WARN_OBJC_ROOT_CLASS = YES_ERROR;
				CLANG_WARN_SUSPICIOUS_MOVE = YES;
				CLANG_WARN_UNREACHABLE_CODE = YES;
				CLANG_WARN__DUPLICATE_METHOD_MATCH = YES;
				COPY_PHASE_STRIP = NO;
				DEBUG_INFORMATION_FORMAT = dwarf;
				ENABLE_STRICT_OBJC_MSGSEND = YES;
				ENABLE_TESTABILITY = YES;
				GCC_C_LANGUAGE_STANDARD = gnu99;
				GCC_DYNAMIC_NO_PIC = NO;
				GCC_NO_COMMON_BLOCKS = YES;
				GCC_OPTIMIZATION_LEVEL = 0;
				GCC_PREPROCESSOR_DEFINITIONS = (
					"DEBUG=1",
					"$(inherited)",
				);
				GCC_WARN_64_TO_32_BIT_CONVERSION = YES;
				GCC_WARN_ABOUT_RETURN_TYPE = YES_ERROR;
				GCC_WARN_UNDECLARED_SELECTOR = YES;
				GCC_WARN_UNINITIALIZED_AUTOS = YES_AGGRESSIVE;
				GCC_WARN_UNUSED_FUNCTION = YES;
				GCC_WARN_UNUSED_VARIABLE = YES;
				MTL_ENABLE_DEBUG_INFO = YES;
				ONLY_ACTIVE_ARCH = YES;
				SWIFT_ACTIVE_COMPILATION_CONDITIONS = DEBUG;
				SWIFT_OPTIMIZATION_LEVEL = "-Onone";
			};
			name = Debug;
		};
		BA9BABCC1F16154000C318E7 /* Release */ = {
			isa = XCBuildConfiguration;
			buildSettings = {
				ALWAYS_SEARCH_USER_PATHS = NO;
				CLANG_ANALYZER_NONNULL = YES;
				CLANG_ANALYZER_NUMBER_OBJECT_CONVERSION = YES_AGGRESSIVE;
				CLANG_CXX_LANGUAGE_STANDARD = "gnu++0x";
				CLANG_CXX_LIBRARY = "libc++";
				CLANG_ENABLE_MODULES = YES;
				CLANG_ENABLE_OBJC_ARC = YES;
				CLANG_WARN_BOOL_CONVERSION = YES;
				CLANG_WARN_CONSTANT_CONVERSION = YES;
				CLANG_WARN_DIRECT_OBJC_ISA_USAGE = YES_ERROR;
				CLANG_WARN_DOCUMENTATION_COMMENTS = YES;
				CLANG_WARN_EMPTY_BODY = YES;
				CLANG_WARN_ENUM_CONVERSION = YES;
				CLANG_WARN_INFINITE_RECURSION = YES;
				CLANG_WARN_INT_CONVERSION = YES;
				CLANG_WARN_OBJC_ROOT_CLASS = YES_ERROR;
				CLANG_WARN_SUSPICIOUS_MOVE = YES;
				CLANG_WARN_UNREACHABLE_CODE = YES;
				CLANG_WARN__DUPLICATE_METHOD_MATCH = YES;
				COPY_PHASE_STRIP = NO;
				DEBUG_INFORMATION_FORMAT = "dwarf-with-dsym";
				ENABLE_NS_ASSERTIONS = NO;
				ENABLE_STRICT_OBJC_MSGSEND = YES;
				GCC_C_LANGUAGE_STANDARD = gnu99;
				GCC_NO_COMMON_BLOCKS = YES;
				GCC_WARN_64_TO_32_BIT_CONVERSION = YES;
				GCC_WARN_ABOUT_RETURN_TYPE = YES_ERROR;
				GCC_WARN_UNDECLARED_SELECTOR = YES;
				GCC_WARN_UNINITIALIZED_AUTOS = YES_AGGRESSIVE;
				GCC_WARN_UNUSED_FUNCTION = YES;
				GCC_WARN_UNUSED_VARIABLE = YES;
				MTL_ENABLE_DEBUG_INFO = NO;
				SWIFT_OPTIMIZATION_LEVEL = "-Owholemodule";
			};
			name = Release;
		};
		BA9BABCE1F16154000C318E7 /* Debug */ = {
			isa = XCBuildConfiguration;
			buildSettings = {
				DEVELOPMENT_TEAM = 44XL6DX4WB;
				INFOPLIST_FILE = "watchOS Extension/Info.plist";
				LD_RUNPATH_SEARCH_PATHS = "$(inherited) @executable_path/Frameworks @executable_path/../../Frameworks";
				PRODUCT_BUNDLE_IDENTIFIER = net.flyhightech.introToSpritekit.watchkitapp.watchkitextension;
				PRODUCT_NAME = "introToSpritekit Extension";
				SDKROOT = watchos;
				SKIP_INSTALL = YES;
				SWIFT_VERSION = 3.0;
				WATCHOS_DEPLOYMENT_TARGET = 3.2;
			};
			name = Debug;
		};
		BA9BABCF1F16154000C318E7 /* Release */ = {
			isa = XCBuildConfiguration;
			buildSettings = {
				DEVELOPMENT_TEAM = 44XL6DX4WB;
				INFOPLIST_FILE = "watchOS Extension/Info.plist";
				LD_RUNPATH_SEARCH_PATHS = "$(inherited) @executable_path/Frameworks @executable_path/../../Frameworks";
				PRODUCT_BUNDLE_IDENTIFIER = net.flyhightech.introToSpritekit.watchkitapp.watchkitextension;
				PRODUCT_NAME = "introToSpritekit Extension";
				SDKROOT = watchos;
				SKIP_INSTALL = YES;
				SWIFT_VERSION = 3.0;
				VALIDATE_PRODUCT = YES;
				WATCHOS_DEPLOYMENT_TARGET = 3.2;
			};
			name = Release;
		};
		BA9BABD21F16154000C318E7 /* Debug */ = {
			isa = XCBuildConfiguration;
			buildSettings = {
				ALWAYS_EMBED_SWIFT_STANDARD_LIBRARIES = YES;
				ASSETCATALOG_COMPILER_APPICON_NAME = AppIcon;
				DEVELOPMENT_TEAM = 44XL6DX4WB;
				IBSC_MODULE = introToSpritekit_Extension;
				INFOPLIST_FILE = "watchOS App/Info.plist";
				PRODUCT_BUNDLE_IDENTIFIER = net.flyhightech.introToSpritekit.watchkitapp;
				PRODUCT_NAME = introToSpritekit;
				SDKROOT = watchos;
				SKIP_INSTALL = YES;
				SWIFT_VERSION = 3.0;
				WATCHOS_DEPLOYMENT_TARGET = 3.2;
			};
			name = Debug;
		};
		BA9BABD31F16154000C318E7 /* Release */ = {
			isa = XCBuildConfiguration;
			buildSettings = {
				ALWAYS_EMBED_SWIFT_STANDARD_LIBRARIES = YES;
				ASSETCATALOG_COMPILER_APPICON_NAME = AppIcon;
				DEVELOPMENT_TEAM = 44XL6DX4WB;
				IBSC_MODULE = introToSpritekit_Extension;
				INFOPLIST_FILE = "watchOS App/Info.plist";
				PRODUCT_BUNDLE_IDENTIFIER = net.flyhightech.introToSpritekit.watchkitapp;
				PRODUCT_NAME = introToSpritekit;
				SDKROOT = watchos;
				SKIP_INSTALL = YES;
				SWIFT_VERSION = 3.0;
				VALIDATE_PRODUCT = YES;
				WATCHOS_DEPLOYMENT_TARGET = 3.2;
			};
			name = Release;
		};
		BA9BABD61F16154000C318E7 /* Debug */ = {
			isa = XCBuildConfiguration;
			buildSettings = {
				ASSETCATALOG_COMPILER_APPICON_NAME = AppIcon;
				"CODE_SIGN_IDENTITY[sdk=iphoneos*]" = "iPhone Developer";
				DEVELOPMENT_TEAM = 44XL6DX4WB;
				INFOPLIST_FILE = iOS/Info.plist;
				IPHONEOS_DEPLOYMENT_TARGET = 10.3;
				LD_RUNPATH_SEARCH_PATHS = "$(inherited) @executable_path/Frameworks";
				PRODUCT_BUNDLE_IDENTIFIER = net.flyhightech.introToSpritekit;
				PRODUCT_NAME = introToSpritekit;
				SDKROOT = iphoneos;
				SWIFT_VERSION = 3.0;
				TARGETED_DEVICE_FAMILY = "1,2";
			};
			name = Debug;
		};
		BA9BABD71F16154000C318E7 /* Release */ = {
			isa = XCBuildConfiguration;
			buildSettings = {
				ASSETCATALOG_COMPILER_APPICON_NAME = AppIcon;
				"CODE_SIGN_IDENTITY[sdk=iphoneos*]" = "iPhone Developer";
				DEVELOPMENT_TEAM = 44XL6DX4WB;
				INFOPLIST_FILE = iOS/Info.plist;
				IPHONEOS_DEPLOYMENT_TARGET = 10.3;
				LD_RUNPATH_SEARCH_PATHS = "$(inherited) @executable_path/Frameworks";
				PRODUCT_BUNDLE_IDENTIFIER = net.flyhightech.introToSpritekit;
				PRODUCT_NAME = introToSpritekit;
				SDKROOT = iphoneos;
				SWIFT_VERSION = 3.0;
				TARGETED_DEVICE_FAMILY = "1,2";
				VALIDATE_PRODUCT = YES;
			};
			name = Release;
		};
		BA9BABD91F16154000C318E7 /* Debug */ = {
			isa = XCBuildConfiguration;
			buildSettings = {
				ASSETCATALOG_COMPILER_APPICON_NAME = "tvOS App Icon & Top Shelf Image";
				ASSETCATALOG_COMPILER_LAUNCHIMAGE_NAME = "tvOS LaunchImage";
				DEVELOPMENT_TEAM = 44XL6DX4WB;
				INFOPLIST_FILE = tvOS/Info.plist;
				LD_RUNPATH_SEARCH_PATHS = "$(inherited) @executable_path/Frameworks";
				PRODUCT_BUNDLE_IDENTIFIER = net.flyhightech.introToSpritekit;
				PRODUCT_NAME = introToSpritekit;
				SDKROOT = appletvos;
				SWIFT_VERSION = 3.0;
				TVOS_DEPLOYMENT_TARGET = 10.2;
			};
			name = Debug;
		};
		BA9BABDA1F16154000C318E7 /* Release */ = {
			isa = XCBuildConfiguration;
			buildSettings = {
				ASSETCATALOG_COMPILER_APPICON_NAME = "tvOS App Icon & Top Shelf Image";
				ASSETCATALOG_COMPILER_LAUNCHIMAGE_NAME = "tvOS LaunchImage";
				DEVELOPMENT_TEAM = 44XL6DX4WB;
				INFOPLIST_FILE = tvOS/Info.plist;
				LD_RUNPATH_SEARCH_PATHS = "$(inherited) @executable_path/Frameworks";
				PRODUCT_BUNDLE_IDENTIFIER = net.flyhightech.introToSpritekit;
				PRODUCT_NAME = introToSpritekit;
				SDKROOT = appletvos;
				SWIFT_VERSION = 3.0;
				TVOS_DEPLOYMENT_TARGET = 10.2;
				VALIDATE_PRODUCT = YES;
			};
			name = Release;
		};
		BA9BABDC1F16154000C318E7 /* Debug */ = {
			isa = XCBuildConfiguration;
			buildSettings = {
				ASSETCATALOG_COMPILER_APPICON_NAME = AppIcon;
				CODE_SIGN_IDENTITY = "-";
				COMBINE_HIDPI_IMAGES = YES;
				DEVELOPMENT_TEAM = 44XL6DX4WB;
				INFOPLIST_FILE = macOS/Info.plist;
				LD_RUNPATH_SEARCH_PATHS = "$(inherited) @executable_path/../Frameworks";
				MACOSX_DEPLOYMENT_TARGET = 10.13;
				PRODUCT_BUNDLE_IDENTIFIER = net.flyhightech.introToSpritekit;
				PRODUCT_NAME = introToSpritekit;
				SDKROOT = macosx;
				SWIFT_VERSION = 3.0;
			};
			name = Debug;
		};
		BA9BABDD1F16154000C318E7 /* Release */ = {
			isa = XCBuildConfiguration;
			buildSettings = {
				ASSETCATALOG_COMPILER_APPICON_NAME = AppIcon;
				CODE_SIGN_IDENTITY = "-";
				COMBINE_HIDPI_IMAGES = YES;
				DEVELOPMENT_TEAM = 44XL6DX4WB;
				INFOPLIST_FILE = macOS/Info.plist;
				LD_RUNPATH_SEARCH_PATHS = "$(inherited) @executable_path/../Frameworks";
				MACOSX_DEPLOYMENT_TARGET = 10.13;
				PRODUCT_BUNDLE_IDENTIFIER = net.flyhightech.introToSpritekit;
				PRODUCT_NAME = introToSpritekit;
				SDKROOT = macosx;
				SWIFT_VERSION = 3.0;
			};
			name = Release;
		};
/* End XCBuildConfiguration section */

/* Begin XCConfigurationList section */
		BA9BAB6F1F16153E00C318E7 /* Build configuration list for PBXProject "introToSpritekit" */ = {
			isa = XCConfigurationList;
			buildConfigurations = (
				BA9BABCB1F16154000C318E7 /* Debug */,
				BA9BABCC1F16154000C318E7 /* Release */,
			);
			defaultConfigurationIsVisible = 0;
			defaultConfigurationName = Release;
		};
		BA9BABCD1F16154000C318E7 /* Build configuration list for PBXNativeTarget "watchOS Extension" */ = {
			isa = XCConfigurationList;
			buildConfigurations = (
				BA9BABCE1F16154000C318E7 /* Debug */,
				BA9BABCF1F16154000C318E7 /* Release */,
			);
			defaultConfigurationIsVisible = 0;
		};
		BA9BABD11F16154000C318E7 /* Build configuration list for PBXNativeTarget "watchOS App" */ = {
			isa = XCConfigurationList;
			buildConfigurations = (
				BA9BABD21F16154000C318E7 /* Debug */,
				BA9BABD31F16154000C318E7 /* Release */,
			);
			defaultConfigurationIsVisible = 0;
		};
		BA9BABD51F16154000C318E7 /* Build configuration list for PBXNativeTarget "iOS" */ = {
			isa = XCConfigurationList;
			buildConfigurations = (
				BA9BABD61F16154000C318E7 /* Debug */,
				BA9BABD71F16154000C318E7 /* Release */,
			);
			defaultConfigurationIsVisible = 0;
		};
		BA9BABD81F16154000C318E7 /* Build configuration list for PBXNativeTarget "tvOS" */ = {
			isa = XCConfigurationList;
			buildConfigurations = (
				BA9BABD91F16154000C318E7 /* Debug */,
				BA9BABDA1F16154000C318E7 /* Release */,
			);
			defaultConfigurationIsVisible = 0;
		};
		BA9BABDB1F16154000C318E7 /* Build configuration list for PBXNativeTarget "macOS" */ = {
			isa = XCConfigurationList;
			buildConfigurations = (
				BA9BABDC1F16154000C318E7 /* Debug */,
				BA9BABDD1F16154000C318E7 /* Release */,
			);
			defaultConfigurationIsVisible = 0;
		};
/* End XCConfigurationList section */
	};
	rootObject = BA9BAB6C1F16153E00C318E7 /* Project object */;
}
